
Microsoft Visual Studio Solution File, Format Version 12.00
# Visual Studio Version 17
VisualStudioVersion = 17.4.33213.308
MinimumVisualStudioVersion = 10.0.40219.1
Project("{9A19103F-16F7-4668-BE54-9A1E7A4F7556}") = "WebDBFShow", "WebDBFShow\WebDBFShow.csproj", "{8022E2B3-25B3-4916-A57D-CB3D302FCE65}"
EndProject
Project("{9A19103F-16F7-4668-BE54-9A1E7A4F7556}") = "Contracts", "Contracts\Contracts.csproj", "{0F294688-B6A1-4E46-BE8C-72CD5933D89C}"
	ProjectSection(ProjectDependencies) = postProject
		{8BB7859B-8186-49DD-87F8-B8709F52B4DE} = {8BB7859B-8186-49DD-87F8-B8709F52B4DE}
	EndProjectSection
EndProject
Project("{9A19103F-16F7-4668-BE54-9A1E7A4F7556}") = "Entities", "Entities\Entities.csproj", "{8BB7859B-8186-49DD-87F8-B8709F52B4DE}"
EndProject
Project("{9A19103F-16F7-4668-BE54-9A1E7A4F7556}") = "Repository", "Repository\Repository.csproj", "{60A4CF6D-601A-4F42-814F-93C232D10667}"
EndProject
Project("{9A19103F-16F7-4668-BE54-9A1E7A4F7556}") = "DbfReader", "DbfReader\DbfReader.csproj", "{EFC280B2-06A1-448F-9C39-88CB8C09B23F}"
	ProjectSection(ProjectDependencies) = postProject
		{BF4E6E08-97C3-46FC-96E8-2946EA240799} = {BF4E6E08-97C3-46FC-96E8-2946EA240799}
	EndProjectSection
EndProject
Project("{9A19103F-16F7-4668-BE54-9A1E7A4F7556}") = "DbfShowLib", "..\DbfShowLib\DbfShowLib\DbfShowLib.csproj", "{BF4E6E08-97C3-46FC-96E8-2946EA240799}"
EndProject
Project("{FAE04EC0-301F-11D3-BF4B-00C04F79EFBC}") = "DbfShowService", "DbfShowService\DbfShowService.csproj", "{0BB4B7C2-B9BE-476A-935C-E61BC6592EE9}"
EndProject
Global
	GlobalSection(SolutionConfigurationPlatforms) = preSolution
		Debug|Any CPU = Debug|Any CPU
		Release|Any CPU = Release|Any CPU
	EndGlobalSection
	GlobalSection(ProjectConfigurationPlatforms) = postSolution
		{8022E2B3-25B3-4916-A57D-CB3D302FCE65}.Debug|Any CPU.ActiveCfg = Debug|Any CPU
		{8022E2B3-25B3-4916-A57D-CB3D302FCE65}.Debug|Any CPU.Build.0 = Debug|Any CPU
		{8022E2B3-25B3-4916-A57D-CB3D302FCE65}.Release|Any CPU.ActiveCfg = Release|Any CPU
		{8022E2B3-25B3-4916-A57D-CB3D302FCE65}.Release|Any CPU.Build.0 = Release|Any CPU
		{0F294688-B6A1-4E46-BE8C-72CD5933D89C}.Debug|Any CPU.ActiveCfg = Debug|Any CPU
		{0F294688-B6A1-4E46-BE8C-72CD5933D89C}.Debug|Any CPU.Build.0 = Debug|Any CPU
		{0F294688-B6A1-4E46-BE8C-72CD5933D89C}.Release|Any CPU.ActiveCfg = Release|Any CPU
		{0F294688-B6A1-4E46-BE8C-72CD5933D89C}.Release|Any CPU.Build.0 = Release|Any CPU
		{8BB7859B-8186-49DD-87F8-B8709F52B4DE}.Debug|Any CPU.ActiveCfg = Debug|Any CPU
		{8BB7859B-8186-49DD-87F8-B8709F52B4DE}.Debug|Any CPU.Build.0 = Debug|Any CPU
		{8BB7859B-8186-49DD-87F8-B8709F52B4DE}.Release|Any CPU.ActiveCfg = Release|Any CPU
		{8BB7859B-8186-49DD-87F8-B8709F52B4DE}.Release|Any CPU.Build.0 = Release|Any CPU
		{60A4CF6D-601A-4F42-814F-93C232D10667}.Debug|Any CPU.ActiveCfg = Debug|Any CPU
		{60A4CF6D-601A-4F42-814F-93C232D10667}.Debug|Any CPU.Build.0 = Debug|Any CPU
		{60A4CF6D-601A-4F42-814F-93C232D10667}.Release|Any CPU.ActiveCfg = Release|Any CPU
		{60A4CF6D-601A-4F42-814F-93C232D10667}.Release|Any CPU.Build.0 = Release|Any CPU
		{EFC280B2-06A1-448F-9C39-88CB8C09B23F}.Debug|Any CPU.ActiveCfg = Debug|Any CPU
		{EFC280B2-06A1-448F-9C39-88CB8C09B23F}.Debug|Any CPU.Build.0 = Debug|Any CPU
		{EFC280B2-06A1-448F-9C39-88CB8C09B23F}.Release|Any CPU.ActiveCfg = Release|Any CPU
		{EFC280B2-06A1-448F-9C39-88CB8C09B23F}.Release|Any CPU.Build.0 = Release|Any CPU
		{BF4E6E08-97C3-46FC-96E8-2946EA240799}.Debug|Any CPU.ActiveCfg = Debug|Any CPU
		{BF4E6E08-97C3-46FC-96E8-2946EA240799}.Debug|Any CPU.Build.0 = Debug|Any CPU
		{BF4E6E08-97C3-46FC-96E8-2946EA240799}.Release|Any CPU.ActiveCfg = Release|Any CPU
		{BF4E6E08-97C3-46FC-96E8-2946EA240799}.Release|Any CPU.Build.0 = Release|Any CPU
		{0BB4B7C2-B9BE-476A-935C-E61BC6592EE9}.Debug|Any CPU.ActiveCfg = Debug|Any CPU
		{0BB4B7C2-B9BE-476A-935C-E61BC6592EE9}.Debug|Any CPU.Build.0 = Debug|Any CPU
		{0BB4B7C2-B9BE-476A-935C-E61BC6592EE9}.Release|Any CPU.ActiveCfg = Release|Any CPU
		{0BB4B7C2-B9BE-476A-935C-E61BC6592EE9}.Release|Any CPU.Build.0 = Release|Any CPU
	EndGlobalSection
	GlobalSection(SolutionProperties) = preSolution
		HideSolutionNode = FALSE
	EndGlobalSection
	GlobalSection(ExtensibilityGlobals) = postSolution
		SolutionGuid = {492E40F5-A3D7-4BCE-881A-D188B975F965}
	EndGlobalSection
EndGlobal
